
Microsoft Visual Studio Solution File, Format Version 12.00
# Visual Studio Version 16
VisualStudioVersion = 16.0.31624.102
MinimumVisualStudioVersion = 10.0.40219.1
Project("{FAE04EC0-301F-11D3-BF4B-00C04F79EFBC}") = "EntityFrameworkApp", "EntityFrameworkApp\EntityFrameworkApp.csproj", "{C0F19F84-3A16-4051-B383-755E775B5971}"
EndProject
Global
	GlobalSection(SolutionConfigurationPlatforms) = preSolution
		Debug|Any CPU = Debug|Any CPU
		Release|Any CPU = Release|Any CPU
	EndGlobalSection
	GlobalSection(ProjectConfigurationPlatforms) = postSolution
		{C0F19F84-3A16-4051-B383-755E775B5971}.Debug|Any CPU.ActiveCfg = Debug|Any CPU
		{C0F19F84-3A16-4051-B383-755E775B5971}.Debug|Any CPU.Build.0 = Debug|Any CPU
		{C0F19F84-3A16-4051-B383-755E775B5971}.Release|Any CPU.ActiveCfg = Release|Any CPU
		{C0F19F84-3A16-4051-B383-755E775B5971}.Release|Any CPU.Build.0 = Release|Any CPU
	EndGlobalSection
	GlobalSection(SolutionProperties) = preSolution
		HideSolutionNode = FALSE
	EndGlobalSection
	GlobalSection(ExtensibilityGlobals) = postSolution
		SolutionGuid = {BF9982BB-0872-4293-81FD-DD566CE987D7}
	EndGlobalSection
EndGlobal
